
Microsoft Visual Studio Solution File, Format Version 12.00
# Visual Studio Version 16
VisualStudioVersion = 16.0.29905.134
MinimumVisualStudioVersion = 10.0.40219.1
Project("{FAE04EC0-301F-11D3-BF4B-00C04F79EFBC}") = "de.lkraemer.appsettingsmanager", "de.lkraemer.appsettingsmanager\de.lkraemer.appsettingsmanager.csproj", "{EA5C8490-ED55-4635-B3FC-823134982080}"
EndProject
Project("{FAE04EC0-301F-11D3-BF4B-00C04F79EFBC}") = "de.lkraemer.appsettingsmanager.test", "de.lkraemer.appsettingsmanager.test\de.lkraemer.appsettingsmanager.test.csproj", "{788D8284-0941-4653-839B-D4F81412C8EF}"
EndProject
Global
	GlobalSection(SolutionConfigurationPlatforms) = preSolution
		Debug|Any CPU = Debug|Any CPU
		Release|Any CPU = Release|Any CPU
	EndGlobalSection
	GlobalSection(ProjectConfigurationPlatforms) = postSolution
		{EA5C8490-ED55-4635-B3FC-823134982080}.Debug|Any CPU.ActiveCfg = Debug|Any CPU
		{EA5C8490-ED55-4635-B3FC-823134982080}.Debug|Any CPU.Build.0 = Debug|Any CPU
		{EA5C8490-ED55-4635-B3FC-823134982080}.Release|Any CPU.ActiveCfg = Release|Any CPU
		{EA5C8490-ED55-4635-B3FC-823134982080}.Release|Any CPU.Build.0 = Release|Any CPU
		{788D8284-0941-4653-839B-D4F81412C8EF}.Debug|Any CPU.ActiveCfg = Debug|Any CPU
		{788D8284-0941-4653-839B-D4F81412C8EF}.Debug|Any CPU.Build.0 = Debug|Any CPU
		{788D8284-0941-4653-839B-D4F81412C8EF}.Release|Any CPU.ActiveCfg = Release|Any CPU
		{788D8284-0941-4653-839B-D4F81412C8EF}.Release|Any CPU.Build.0 = Release|Any CPU
	EndGlobalSection
	GlobalSection(SolutionProperties) = preSolution
		HideSolutionNode = FALSE
	EndGlobalSection
	GlobalSection(ExtensibilityGlobals) = postSolution
		SolutionGuid = {2C6A8CFF-00A7-4107-AADB-B9AC7F73A1AA}
	EndGlobalSection
EndGlobal
